
Microsoft Visual Studio Solution File, Format Version 12.00
# Visual Studio 15
VisualStudioVersion = 15.0.28010.2046
MinimumVisualStudioVersion = 10.0.40219.1
Project("{FAE04EC0-301F-11D3-BF4B-00C04F79EFBC}") = "CorePlugin", "CorePlugin\CorePlugin.csproj", "{AFCAA6FB-2233-48B3-AF5D-F26C2089A8A4}"
EndProject
Global
	GlobalSection(SolutionConfigurationPlatforms) = preSolution
		Debug|Any CPU = Debug|Any CPU
		Release|Any CPU = Release|Any CPU
	EndGlobalSection
	GlobalSection(ProjectConfigurationPlatforms) = postSolution
		{AFCAA6FB-2233-48B3-AF5D-F26C2089A8A4}.Debug|Any CPU.ActiveCfg = Debug|Any CPU
		{AFCAA6FB-2233-48B3-AF5D-F26C2089A8A4}.Debug|Any CPU.Build.0 = Debug|Any CPU
		{AFCAA6FB-2233-48B3-AF5D-F26C2089A8A4}.Release|Any CPU.ActiveCfg = Release|Any CPU
		{AFCAA6FB-2233-48B3-AF5D-F26C2089A8A4}.Release|Any CPU.Build.0 = Release|Any CPU
	EndGlobalSection
	GlobalSection(SolutionProperties) = preSolution
		HideSolutionNode = FALSE
	EndGlobalSection
	GlobalSection(ExtensibilityGlobals) = postSolution
		SolutionGuid = {B95A0708-2623-4510-BD86-D4E579F2752B}
	EndGlobalSection
EndGlobal
